
Microsoft Visual Studio Solution File, Format Version 12.00
# Visual Studio Version 17
VisualStudioVersion = 17.8.34511.84
MinimumVisualStudioVersion = 10.0.40219.1
Project("{9A19103F-16F7-4668-BE54-9A1E7A4F7556}") = "NIA.OnlineApp.Data", "NIA.OnlineApp.Data\NIA.OnlineApp.Data.csproj", "{6DDAFD57-6484-456C-BA88-7D4C45DDF0EC}"
EndProject
Project("{9A19103F-16F7-4668-BE54-9A1E7A4F7556}") = "NIA.OnlineApp.API", "NIA.OnlineApp.API\NIA.OnlineApp.API.csproj", "{51512D6D-D2C6-4C45-A9A7-7742DE9CD4E7}"
EndProject
Project("{2150E333-8FDC-42A3-9474-1A3956D46DE8}") = "NIA.OnlineApp", "NIA.OnlineApp", "{885F56BE-1DCF-44BC-8C9B-A625CC2FFC60}"
EndProject
Global
	GlobalSection(SolutionConfigurationPlatforms) = preSolution
		Debug|Any CPU = Debug|Any CPU
		Release|Any CPU = Release|Any CPU
	EndGlobalSection
	GlobalSection(ProjectConfigurationPlatforms) = postSolution
		{6DDAFD57-6484-456C-BA88-7D4C45DDF0EC}.Debug|Any CPU.ActiveCfg = Debug|Any CPU
		{6DDAFD57-6484-456C-BA88-7D4C45DDF0EC}.Debug|Any CPU.Build.0 = Debug|Any CPU
		{6DDAFD57-6484-456C-BA88-7D4C45DDF0EC}.Release|Any CPU.ActiveCfg = Release|Any CPU
		{6DDAFD57-6484-456C-BA88-7D4C45DDF0EC}.Release|Any CPU.Build.0 = Release|Any CPU
		{51512D6D-D2C6-4C45-A9A7-7742DE9CD4E7}.Debug|Any CPU.ActiveCfg = Debug|Any CPU
		{51512D6D-D2C6-4C45-A9A7-7742DE9CD4E7}.Debug|Any CPU.Build.0 = Debug|Any CPU
		{51512D6D-D2C6-4C45-A9A7-7742DE9CD4E7}.Release|Any CPU.ActiveCfg = Release|Any CPU
		{51512D6D-D2C6-4C45-A9A7-7742DE9CD4E7}.Release|Any CPU.Build.0 = Release|Any CPU
	EndGlobalSection
	GlobalSection(SolutionProperties) = preSolution
		HideSolutionNode = FALSE
	EndGlobalSection
	GlobalSection(NestedProjects) = preSolution
		{6DDAFD57-6484-456C-BA88-7D4C45DDF0EC} = {885F56BE-1DCF-44BC-8C9B-A625CC2FFC60}
		{51512D6D-D2C6-4C45-A9A7-7742DE9CD4E7} = {885F56BE-1DCF-44BC-8C9B-A625CC2FFC60}
	EndGlobalSection
	GlobalSection(ExtensibilityGlobals) = postSolution
		SolutionGuid = {4ABDD89E-2E2E-425B-A0B6-2FD21EA45227}
	EndGlobalSection
EndGlobal
